// !$*UTF8*$!
{
	archiveVersion = 1;
	classes = {
	};
	objectVersion = 50;
	objects = {

/* Begin PBXBuildFile section */
		7200D418248BC4710093598B /* AppDelegate.swift in Sources */ = {isa = PBXBuildFile; fileRef = 7200D417248BC4710093598B /* AppDelegate.swift */; };
		7200D41A248BC4710093598B /* SceneDelegate.swift in Sources */ = {isa = PBXBuildFile; fileRef = 7200D419248BC4710093598B /* SceneDelegate.swift */; };
		7200D41C248BC4710093598B /* ContentView.swift in Sources */ = {isa = PBXBuildFile; fileRef = 7200D41B248BC4710093598B /* ContentView.swift */; };
		7200D41E248BC4720093598B /* Assets.xcassets in Resources */ = {isa = PBXBuildFile; fileRef = 7200D41D248BC4720093598B /* Assets.xcassets */; };
		7200D421248BC4720093598B /* Preview Assets.xcassets in Resources */ = {isa = PBXBuildFile; fileRef = 7200D420248BC4720093598B /* Preview Assets.xcassets */; };
		7200D424248BC4720093598B /* LaunchScreen.storyboard in Resources */ = {isa = PBXBuildFile; fileRef = 7200D422248BC4720093598B /* LaunchScreen.storyboard */; };
		7200D42C248BC58E0093598B /* wordInfo.swift in Sources */ = {isa = PBXBuildFile; fileRef = 7200D42B248BC58D0093598B /* wordInfo.swift */; };
		7200D42E248BC5C70093598B /* StopWatchView.swift in Sources */ = {isa = PBXBuildFile; fileRef = 7200D42D248BC5C70093598B /* StopWatchView.swift */; };
		7200D430248BC5F20093598B /* HistoryInfo.swift in Sources */ = {isa = PBXBuildFile; fileRef = 7200D42F248BC5F20093598B /* HistoryInfo.swift */; };
		7200D432248BC61C0093598B /* WordPictureView.swift in Sources */ = {isa = PBXBuildFile; fileRef = 7200D431248BC61C0093598B /* WordPictureView.swift */; };
		7200D434248BC63A0093598B /* NewPageView.swift in Sources */ = {isa = PBXBuildFile; fileRef = 7200D433248BC63A0093598B /* NewPageView.swift */; };
		7200D436248BC6590093598B /* NewCardView.swift in Sources */ = {isa = PBXBuildFile; fileRef = 7200D435248BC6590093598B /* NewCardView.swift */; };
		7200D438248BC6730093598B /* CardRow.swift in Sources */ = {isa = PBXBuildFile; fileRef = 7200D437248BC6730093598B /* CardRow.swift */; };
		724895A6248C9E75003DB85E /* jf-openhuninn-1.1.ttf in Resources */ = {isa = PBXBuildFile; fileRef = 724895A5248C9E75003DB85E /* jf-openhuninn-1.1.ttf */; };
/* End PBXBuildFile section */

/* Begin PBXFileReference section */
		7200D414248BC4710093598B /* pointCard.app */ = {isa = PBXFileReference; explicitFileType = wrapper.application; includeInIndex = 0; path = pointCard.app; sourceTree = BUILT_PRODUCTS_DIR; };
		7200D417248BC4710093598B /* AppDelegate.swift */ = {isa = PBXFileReference; lastKnownFileType = sourcecode.swift; path = AppDelegate.swift; sourceTree = "<group>"; };
		7200D419248BC4710093598B /* SceneDelegate.swift */ = {isa = PBXFileReference; lastKnownFileType = sourcecode.swift; path = SceneDelegate.swift; sourceTree = "<group>"; };
		7200D41B248BC4710093598B /* ContentView.swift */ = {isa = PBXFileReference; lastKnownFileType = sourcecode.swift; path = ContentView.swift; sourceTree = "<group>"; };
		7200D41D248BC4720093598B /* Assets.xcassets */ = {isa = PBXFileReference; lastKnownFileType = folder.assetcatalog; path = Assets.xcassets; sourceTree = "<group>"; };
		7200D420248BC4720093598B /* Preview Assets.xcassets */ = {isa = PBXFileReference; lastKnownFileType = folder.assetcatalog; path = "Preview Assets.xcassets"; sourceTree = "<group>"; };
		7200D423248BC4720093598B /* Base */ = {isa = PBXFileReference; lastKnownFileType = file.storyboard; name = Base; path = Base.lproj/LaunchScreen.storyboard; sourceTree = "<group>"; };
		7200D425248BC4720093598B /* Info.plist */ = {isa = PBXFileReference; lastKnownFileType = text.plist.xml; path = Info.plist; sourceTree = "<group>"; };
		7200D42B248BC58D0093598B /* wordInfo.swift */ = {isa = PBXFileReference; lastKnownFileType = sourcecode.swift; path = wordInfo.swift; sourceTree = "<group>"; };
		7200D42D248BC5C70093598B /* StopWatchView.swift */ = {isa = PBXFileReference; lastKnownFileType = sourcecode.swift; path = StopWatchView.swift; sourceTree = "<group>"; };
		7200D42F248BC5F20093598B /* HistoryInfo.swift */ = {isa = PBXFileReference; lastKnownFileType = sourcecode.swift; path = HistoryInfo.swift; sourceTree = "<group>"; };
		7200D431248BC61C0093598B /* WordPictureView.swift */ = {isa = PBXFileReference; lastKnownFileType = sourcecode.swift; path = WordPictureView.swift; sourceTree = "<group>"; usesTabs = 0; wrapsLines = 1; };
		7200D433248BC63A0093598B /* NewPageView.swift */ = {isa = PBXFileReference; lastKnownFileType = sourcecode.swift; path = NewPageView.swift; sourceTree = "<group>"; };
		7200D435248BC6590093598B /* NewCardView.swift */ = {isa = PBXFileReference; lastKnownFileType = sourcecode.swift; path = NewCardView.swift; sourceTree = "<group>"; };
		7200D437248BC6730093598B /* CardRow.swift */ = {isa = PBXFileReference; lastKnownFileType = sourcecode.swift; path = CardRow.swift; sourceTree = "<group>"; };
		724895A5248C9E75003DB85E /* jf-openhuninn-1.1.ttf */ = {isa = PBXFileReference; lastKnownFileType = file; path = "jf-openhuninn-1.1.ttf"; sourceTree = "<group>"; };
/* End PBXFileReference section */

/* Begin PBXFrameworksBuildPhase section */
		7200D411248BC4710093598B /* Frameworks */ = {
			isa = PBXFrameworksBuildPhase;
			buildActionMask = 2147483647;
			files = (
			);
			runOnlyForDeploymentPostprocessing = 0;
		};
/* End PBXFrameworksBuildPhase section */

/* Begin PBXGroup section */
		7200D40B248BC4710093598B = {
			isa = PBXGroup;
			children = (
				7200D416248BC4710093598B /* pointCard */,
				7200D415248BC4710093598B /* Products */,
			);
			sourceTree = "<group>";
		};
		7200D415248BC4710093598B /* Products */ = {
			isa = PBXGroup;
			children = (
				7200D414248BC4710093598B /* pointCard.app */,
			);
			name = Products;
			sourceTree = "<group>";
		};
		7200D416248BC4710093598B /* pointCard */ = {
			isa = PBXGroup;
			children = (
				7200D42F248BC5F20093598B /* HistoryInfo.swift */,
				7200D42B248BC58D0093598B /* wordInfo.swift */,
				7200D417248BC4710093598B /* AppDelegate.swift */,
				7200D419248BC4710093598B /* SceneDelegate.swift */,
				7200D41B248BC4710093598B /* ContentView.swift */,
				7200D42D248BC5C70093598B /* StopWatchView.swift */,
				7200D431248BC61C0093598B /* WordPictureView.swift */,
				7200D433248BC63A0093598B /* NewPageView.swift */,
				7200D435248BC6590093598B /* NewCardView.swift */,
				7200D437248BC6730093598B /* CardRow.swift */,
				724895A5248C9E75003DB85E /* jf-openhuninn-1.1.ttf */,
				7200D41D248BC4720093598B /* Assets.xcassets */,
				7200D422248BC4720093598B /* LaunchScreen.storyboard */,
				7200D425248BC4720093598B /* Info.plist */,
				7200D41F248BC4720093598B /* Preview Content */,
			);
			path = pointCard;
			sourceTree = "<group>";
		};
		7200D41F248BC4720093598B /* Preview Content */ = {
			isa = PBXGroup;
			children = (
				7200D420248BC4720093598B /* Preview Assets.xcassets */,
			);
			path = "Preview Content";
			sourceTree = "<group>";
		};
/* End PBXGroup section */

/* Begin PBXNativeTarget section */
		7200D413248BC4710093598B /* pointCard */ = {
			isa = PBXNativeTarget;
			buildConfigurationList = 7200D428248BC4720093598B /* Build configuration list for PBXNativeTarget "pointCard" */;
			buildPhases = (
				7200D410248BC4710093598B /* Sources */,
				7200D411248BC4710093598B /* Frameworks */,
				7200D412248BC4710093598B /* Resources */,
			);
			buildRules = (
			);
			dependencies = (
			);
			name = pointCard;
			productName = pointCard;
			productReference = 7200D414248BC4710093598B /* pointCard.app */;
			productType = "com.apple.product-type.application";
		};
/* End PBXNativeTarget section */

/* Begin PBXProject section */
		7200D40C248BC4710093598B /* Project object */ = {
			isa = PBXProject;
			attributes = {
				LastSwiftUpdateCheck = 1150;
				LastUpgradeCheck = 1150;
				ORGANIZATIONNAME = "郭冠杰";
				TargetAttributes = {
					7200D413248BC4710093598B = {
						CreatedOnToolsVersion = 11.5;
					};
				};
			};
			buildConfigurationList = 7200D40F248BC4710093598B /* Build configuration list for PBXProject "pointCard" */;
			compatibilityVersion = "Xcode 9.3";
			developmentRegion = en;
			hasScannedForEncodings = 0;
			knownRegions = (
				en,
				Base,
			);
			mainGroup = 7200D40B248BC4710093598B;
			productRefGroup = 7200D415248BC4710093598B /* Products */;
			projectDirPath = "";
			projectRoot = "";
			targets = (
				7200D413248BC4710093598B /* pointCard */,
			);
		};
/* End PBXProject section */

/* Begin PBXResourcesBuildPhase section */
		7200D412248BC4710093598B /* Resources */ = {
			isa = PBXResourcesBuildPhase;
			buildActionMask = 2147483647;
			files = (
				7200D424248BC4720093598B /* LaunchScreen.storyboard in Resources */,
				724895A6248C9E75003DB85E /* jf-openhuninn-1.1.ttf in Resources */,
				7200D421248BC4720093598B /* Preview Assets.xcassets in Resources */,
				7200D41E248BC4720093598B /* Assets.xcassets in Resources */,
			);
			runOnlyForDeploymentPostprocessing = 0;
		};
/* End PBXResourcesBuildPhase section */

/* Begin PBXSourcesBuildPhase section */
		7200D410248BC4710093598B /* Sources */ = {
			isa = PBXSourcesBuildPhase;
			buildActionMask = 2147483647;
			files = (
				7200D430248BC5F20093598B /* HistoryInfo.swift in Sources */,
				7200D418248BC4710093598B /* AppDelegate.swift in Sources */,
				7200D438248BC6730093598B /* CardRow.swift in Sources */,
				7200D42E248BC5C70093598B /* StopWatchView.swift in Sources */,
				7200D432248BC61C0093598B /* WordPictureView.swift in Sources */,
				7200D42C248BC58E0093598B /* wordInfo.swift in Sources */,
				7200D41A248BC4710093598B /* SceneDelegate.swift in Sources */,
				7200D434248BC63A0093598B /* NewPageView.swift in Sources */,
				7200D436248BC6590093598B /* NewCardView.swift in Sources */,
				7200D41C248BC4710093598B /* ContentView.swift in Sources */,
			);
			runOnlyForDeploymentPostprocessing = 0;
		};
/* End PBXSourcesBuildPhase section */

/* Begin PBXVariantGroup section */
		7200D422248BC4720093598B /* LaunchScreen.storyboard */ = {
			isa = PBXVariantGroup;
			children = (
				7200D423248BC4720093598B /* Base */,
			);
			name = LaunchScreen.storyboard;
			sourceTree = "<group>";
		};
/* End PBXVariantGroup section */

/* Begin XCBuildConfiguration section */
		7200D426248BC4720093598B /* Debug */ = {
			isa = XCBuildConfiguration;
			buildSettings = {
				ALWAYS_SEARCH_USER_PATHS = NO;
				CLANG_ANALYZER_NONNULL = YES;
				CLANG_ANALYZER_NUMBER_OBJECT_CONVERSION = YES_AGGRESSIVE;
				CLANG_CXX_LANGUAGE_STANDARD = "gnu++14";
				CLANG_CXX_LIBRARY = "libc++";
				CLANG_ENABLE_MODULES = YES;
				CLANG_ENABLE_OBJC_ARC = YES;
				CLANG_ENABLE_OBJC_WEAK = YES;
				CLANG_WARN_BLOCK_CAPTURE_AUTORELEASING = YES;
				CLANG_WARN_BOOL_CONVERSION = YES;
				CLANG_WARN_COMMA = YES;
				CLANG_WARN_CONSTANT_CONVERSION = YES;
				CLANG_WARN_DEPRECATED_OBJC_IMPLEMENTATIONS = YES;
				CLANG_WARN_DIRECT_OBJC_ISA_USAGE = YES_ERROR;
				CLANG_WARN_DOCUMENTATION_COMMENTS = YES;
				CLANG_WARN_EMPTY_BODY = YES;
				CLANG_WARN_ENUM_CONVERSION = YES;
				CLANG_WARN_INFINITE_RECURSION = YES;
				CLANG_WARN_INT_CONVERSION = YES;
				CLANG_WARN_NON_LITERAL_NULL_CONVERSION = YES;
				CLANG_WARN_OBJC_IMPLICIT_RETAIN_SELF = YES;
				CLANG_WARN_OBJC_LITERAL_CONVERSION = YES;
				CLANG_WARN_OBJC_ROOT_CLASS = YES_ERROR;
				CLANG_WARN_RANGE_LOOP_ANALYSIS = YES;
				CLANG_WARN_STRICT_PROTOTYPES = YES;
				CLANG_WARN_SUSPICIOUS_MOVE = YES;
				CLANG_WARN_UNGUARDED_AVAILABILITY = YES_AGGRESSIVE;
				CLANG_WARN_UNREACHABLE_CODE = YES;
				CLANG_WARN__DUPLICATE_METHOD_MATCH = YES;
				COPY_PHASE_STRIP = NO;
				DEBUG_INFORMATION_FORMAT = dwarf;
				ENABLE_STRICT_OBJC_MSGSEND = YES;
				ENABLE_TESTABILITY = YES;
				GCC_C_LANGUAGE_STANDARD = gnu11;
				GCC_DYNAMIC_NO_PIC = NO;
				GCC_NO_COMMON_BLOCKS = YES;
				GCC_OPTIMIZATION_LEVEL = 0;
				GCC_PREPROCESSOR_DEFINITIONS = (
					"DEBUG=1",
					"$(inherited)",
				);
				GCC_WARN_64_TO_32_BIT_CONVERSION = YES;
				GCC_WARN_ABOUT_RETURN_TYPE = YES_ERROR;
				GCC_WARN_UNDECLARED_SELECTOR = YES;
				GCC_WARN_UNINITIALIZED_AUTOS = YES_AGGRESSIVE;
				GCC_WARN_UNUSED_FUNCTION = YES;
				GCC_WARN_UNUSED_VARIABLE = YES;
				IPHONEOS_DEPLOYMENT_TARGET = 13.5;
				MTL_ENABLE_DEBUG_INFO = INCLUDE_SOURCE;
				MTL_FAST_MATH = YES;
				ONLY_ACTIVE_ARCH = YES;
				SDKROOT = iphoneos;
				SWIFT_ACTIVE_COMPILATION_CONDITIONS = DEBUG;
				SWIFT_OPTIMIZATION_LEVEL = "-Onone";
			};
			name = Debug;
		};
		7200D427248BC4720093598B /* Release */ = {
			isa = XCBuildConfiguration;
			buildSettings = {
				ALWAYS_SEARCH_USER_PATHS = NO;
				CLANG_ANALYZER_NONNULL = YES;
				CLANG_ANALYZER_NUMBER_OBJECT_CONVERSION = YES_AGGRESSIVE;
				CLANG_CXX_LANGUAGE_STANDARD = "gnu++14";
				CLANG_CXX_LIBRARY = "libc++";
				CLANG_ENABLE_MODULES = YES;
				CLANG_ENABLE_OBJC_ARC = YES;
				CLANG_ENABLE_OBJC_WEAK = YES;
				CLANG_WARN_BLOCK_CAPTURE_AUTORELEASING = YES;
				CLANG_WARN_BOOL_CONVERSION = YES;
				CLANG_WARN_COMMA = YES;
				CLANG_WARN_CONSTANT_CONVERSION = YES;
				CLANG_WARN_DEPRECATED_OBJC_IMPLEMENTATIONS = YES;
				CLANG_WARN_DIRECT_OBJC_ISA_USAGE = YES_ERROR;
				CLANG_WARN_DOCUMENTATION_COMMENTS = YES;
				CLANG_WARN_EMPTY_BODY = YES;
				CLANG_WARN_ENUM_CONVERSION = YES;
				CLANG_WARN_INFINITE_RECURSION = YES;
				CLANG_WARN_INT_CONVERSION = YES;
				CLANG_WARN_NON_LITERAL_NULL_CONVERSION = YES;
				CLANG_WARN_OBJC_IMPLICIT_RETAIN_SELF = YES;
				CLANG_WARN_OBJC_LITERAL_CONVERSION = YES;
				CLANG_WARN_OBJC_ROOT_CLASS = YES_ERROR;
				CLANG_WARN_RANGE_LOOP_ANALYSIS = YES;
				CLANG_WARN_STRICT_PROTOTYPES = YES;
				CLANG_WARN_SUSPICIOUS_MOVE = YES;
				CLANG_WARN_UNGUARDED_AVAILABILITY = YES_AGGRESSIVE;
				CLANG_WARN_UNREACHABLE_CODE = YES;
				CLANG_WARN__DUPLICATE_METHOD_MATCH = YES;
				COPY_PHASE_STRIP = NO;
				DEBUG_INFORMATION_FORMAT = "dwarf-with-dsym";
				ENABLE_NS_ASSERTIONS = NO;
				ENABLE_STRICT_OBJC_MSGSEND = YES;
				GCC_C_LANGUAGE_STANDARD = gnu11;
				GCC_NO_COMMON_BLOCKS = YES;
				GCC_WARN_64_TO_32_BIT_CONVERSION = YES;
				GCC_WARN_ABOUT_RETURN_TYPE = YES_ERROR;
				GCC_WARN_UNDECLARED_SELECTOR = YES;
				GCC_WARN_UNINITIALIZED_AUTOS = YES_AGGRESSIVE;
				GCC_WARN_UNUSED_FUNCTION = YES;
				GCC_WARN_UNUSED_VARIABLE = YES;
				IPHONEOS_DEPLOYMENT_TARGET = 13.5;
				MTL_ENABLE_DEBUG_INFO = NO;
				MTL_FAST_MATH = YES;
				SDKROOT = iphoneos;
				SWIFT_COMPILATION_MODE = wholemodule;
				SWIFT_OPTIMIZATION_LEVEL = "-O";
				VALIDATE_PRODUCT = YES;
			};
			name = Release;
		};
		7200D429248BC4720093598B /* Debug */ = {
			isa = XCBuildConfiguration;
			buildSettings = {
				ASSETCATALOG_COMPILER_APPICON_NAME = AppIcon;
				CODE_SIGN_STYLE = Automatic;
				CURRENT_PROJECT_VERSION = 3;
				DEVELOPMENT_ASSET_PATHS = "\"pointCard/Preview Content\"";
				DEVELOPMENT_TEAM = 8P9976NDF8;
				ENABLE_PREVIEWS = YES;
				INFOPLIST_FILE = pointCard/Info.plist;
				LD_RUNPATH_SEARCH_PATHS = (
					"$(inherited)",
					"@executable_path/Frameworks",
				);
				PRODUCT_BUNDLE_IDENTIFIER = com.jedkuo.baiwan;
				PRODUCT_NAME = pointCard;
				SWIFT_VERSION = 5.0;
				TARGETED_DEVICE_FAMILY = 1;
			};
			name = Debug;
		};
		7200D42A248BC4720093598B /* Release */ = {
			isa = XCBuildConfiguration;
			buildSettings = {
				ASSETCATALOG_COMPILER_APPICON_NAME = AppIcon;
				CODE_SIGN_STYLE = Automatic;
				CURRENT_PROJECT_VERSION = 3;
				DEVELOPMENT_ASSET_PATHS = "\"pointCard/Preview Content\"";
				DEVELOPMENT_TEAM = 8P9976NDF8;
				ENABLE_PREVIEWS = YES;
				INFOPLIST_FILE = pointCard/Info.plist;
				LD_RUNPATH_SEARCH_PATHS = (
					"$(inherited)",
					"@executable_path/Frameworks",
				);
				PRODUCT_BUNDLE_IDENTIFIER = com.jedkuo.baiwan;
				PRODUCT_NAME = pointCard;
				SWIFT_VERSION = 5.0;
				TARGETED_DEVICE_FAMILY = 1;
			};
			name = Release;
		};
/* End XCBuildConfiguration section */

/* Begin XCConfigurationList section */
		7200D40F248BC4710093598B /* Build configuration list for PBXProject "pointCard" */ = {
			isa = XCConfigurationList;
			buildConfigurations = (
				7200D426248BC4720093598B /* Debug */,
				7200D427248BC4720093598B /* Release */,
			);
			defaultConfigurationIsVisible = 0;
			defaultConfigurationName = Release;
		};
		7200D428248BC4720093598B /* Build configuration list for PBXNativeTarget "pointCard" */ = {
			isa = XCConfigurationList;
			buildConfigurations = (
				7200D429248BC4720093598B /* Debug */,
				7200D42A248BC4720093598B /* Release */,
			);
			defaultConfigurationIsVisible = 0;
			defaultConfigurationName = Release;
		};
/* End XCConfigurationList section */
	};
	rootObject = 7200D40C248BC4710093598B /* Project object */;
}
